<?xml version="1.0" encoding="utf-8"?>
<Project ToolsVersion="4.0" xmlns="http://schemas.microsoft.com/developer/msbuild/2003">
  <ItemGroup>
    <CudaCompile Include="Sources\kernel.cu" />
  </ItemGroup>
  <ItemGroup>
    <Filter Include="Source files">
      <UniqueIdentifier>{e5e38230-f99f-41df-8db2-068d2655c3b0}</UniqueIdentifier>
    </Filter>
    <Filter Include="Header files">
      <UniqueIdentifier>{f9fdb1a4-b8a8-4e03-9d2d-3707dde3d8ac}</UniqueIdentifier>
    </Filter>
    <Filter Include="Libraries">
      <UniqueIdentifier>{fe590357-9425-4bf6-86bd-0664ed8005db}</UniqueIdentifier>
    </Filter>
  </ItemGroup>
  <ItemGroup>
    <ClCompile Include="Sources\Mannequin.cpp">
      <Filter>Source files</Filter>
    </ClCompile>
    <ClCompile Include="Sources\Object3D.cpp">
      <Filter>Source files</Filter>
    </ClCompile>
    <ClCompile Include="Sources\offLoader.cpp">
      <Filter>Source files</Filter>
    </ClCompile>
    <ClCompile Include="Sources\bmpLoader.cpp">
      <Filter>Source files</Filter>
    </ClCompile>
    <ClCompile Include="Sources\Camera.cpp">
      <Filter>Source files</Filter>
    </ClCompile>
    <ClCompile Include="Sources\Floor.cpp">
      <Filter>Source files</Filter>
    </ClCompile>
    <ClCompile Include="Sources\Hair.cpp">
      <Filter>Source files</Filter>
    </ClCompile>
    <ClCompile Include="Sources\Light.cpp">
      <Filter>Source files</Filter>
    </ClCompile>
    <ClCompile Include="Sources\main.cpp">
      <Filter>Source files</Filter>
    </ClCompile>
  </ItemGroup>
  <ItemGroup>
    <ClInclude Include="Sources\Mannequin.h">
      <Filter>Header files</Filter>
    </ClInclude>
    <ClInclude Include="Sources\Object3D.h">
      <Filter>Header files</Filter>
    </ClInclude>
    <ClInclude Include="Sources\offLoader.h">
      <Filter>Header files</Filter>
    </ClInclude>
    <ClInclude Include="Sources\Vector3D.h">
      <Filter>Header files</Filter>
    </ClInclude>
    <ClInclude Include="Sources\Vector4D.h">
      <Filter>Header files</Filter>
    </ClInclude>
    <ClInclude Include="Sources\bmpLoader.h">
      <Filter>Header files</Filter>
    </ClInclude>
    <ClInclude Include="Sources\Camera.h">
      <Filter>Header files</Filter>
    </ClInclude>
    <ClInclude Include="Sources\Floor.h">
      <Filter>Header files</Filter>
    </ClInclude>
    <ClInclude Include="Sources\Hair.h">
      <Filter>Header files</Filter>
    </ClInclude>
    <ClInclude Include="Sources\HeadersAndDefines.h">
      <Filter>Header files</Filter>
    </ClInclude>
    <ClInclude Include="Sources\Light.h">
      <Filter>Header files</Filter>
    </ClInclude>
    <ClInclude Include="Sources\freeglut.h">
      <Filter>Libraries</Filter>
    </ClInclude>
    <ClInclude Include="Sources\freeglut_ext.h">
      <Filter>Libraries</Filter>
    </ClInclude>
    <ClInclude Include="Sources\freeglut_std.h">
      <Filter>Libraries</Filter>
    </ClInclude>
    <ClInclude Include="Sources\Vector2D.h">
      <Filter>Header files</Filter>
    </ClInclude>
  </ItemGroup>
</Project>